
Microsoft Visual Studio Solution File, Format Version 12.00
# Visual Studio Version 16
VisualStudioVersion = 16.0.29230.47
MinimumVisualStudioVersion = 10.0.40219.1
Project("{FAE04EC0-301F-11D3-BF4B-00C04F79EFBC}") = "MPAG_OrderAndTrip", "MPAG_OrderAndTrip\MPAG_OrderAndTrip.csproj", "{6317781A-B0A2-4278-BBB8-6B6C518D4A54}"
EndProject
Global
	GlobalSection(SolutionConfigurationPlatforms) = preSolution
		Debug|Any CPU = Debug|Any CPU
		Release|Any CPU = Release|Any CPU
	EndGlobalSection
	GlobalSection(ProjectConfigurationPlatforms) = postSolution
		{6317781A-B0A2-4278-BBB8-6B6C518D4A54}.Debug|Any CPU.ActiveCfg = Debug|Any CPU
		{6317781A-B0A2-4278-BBB8-6B6C518D4A54}.Debug|Any CPU.Build.0 = Debug|Any CPU
		{6317781A-B0A2-4278-BBB8-6B6C518D4A54}.Release|Any CPU.ActiveCfg = Release|Any CPU
		{6317781A-B0A2-4278-BBB8-6B6C518D4A54}.Release|Any CPU.Build.0 = Release|Any CPU
	EndGlobalSection
	GlobalSection(SolutionProperties) = preSolution
		HideSolutionNode = FALSE
	EndGlobalSection
	GlobalSection(ExtensibilityGlobals) = postSolution
		SolutionGuid = {E96321CC-3891-4923-8553-BA7E47F35BE5}
	EndGlobalSection
EndGlobal
